// !$*UTF8*$!
{
	archiveVersion = 1;
	classes = {
	};
	objectVersion = 56;
	objects = {

/* Begin PBXBuildFile section */
		103351362A8BA6BD009B013F /* AppDelegate.swift in Sources */ = {isa = PBXBuildFile; fileRef = 103351352A8BA6BD009B013F /* AppDelegate.swift */; };
		103351382A8BA6BD009B013F /* SceneDelegate.swift in Sources */ = {isa = PBXBuildFile; fileRef = 103351372A8BA6BD009B013F /* SceneDelegate.swift */; };
		1033513A2A8BA6BD009B013F /* RMTabViewController.swift in Sources */ = {isa = PBXBuildFile; fileRef = 103351392A8BA6BD009B013F /* RMTabViewController.swift */; };
		1033513F2A8BA6BF009B013F /* Assets.xcassets in Resources */ = {isa = PBXBuildFile; fileRef = 1033513E2A8BA6BF009B013F /* Assets.xcassets */; };
		103351422A8BA6BF009B013F /* LaunchScreen.storyboard in Resources */ = {isa = PBXBuildFile; fileRef = 103351402A8BA6BF009B013F /* LaunchScreen.storyboard */; };
		103351512A8BA9EA009B013F /* RMLocation.swift in Sources */ = {isa = PBXBuildFile; fileRef = 103351502A8BA9EA009B013F /* RMLocation.swift */; };
		103351532A8BAA06009B013F /* RMCharacter.swift in Sources */ = {isa = PBXBuildFile; fileRef = 103351522A8BAA06009B013F /* RMCharacter.swift */; };
		103351552A8BAA11009B013F /* RMEpisode.swift in Sources */ = {isa = PBXBuildFile; fileRef = 103351542A8BAA11009B013F /* RMEpisode.swift */; };
		103351582A8BAAB0009B013F /* RMCharacterViewController.swift in Sources */ = {isa = PBXBuildFile; fileRef = 103351572A8BAAB0009B013F /* RMCharacterViewController.swift */; };
		1033515A2A8BAACC009B013F /* RMLocationViewController.swift in Sources */ = {isa = PBXBuildFile; fileRef = 103351592A8BAACC009B013F /* RMLocationViewController.swift */; };
		1033515C2A8BAAF2009B013F /* RMEpisodeViewController.swift in Sources */ = {isa = PBXBuildFile; fileRef = 1033515B2A8BAAF2009B013F /* RMEpisodeViewController.swift */; };
		1033515E2A8BAB05009B013F /* RMSettingsViewController.swift in Sources */ = {isa = PBXBuildFile; fileRef = 1033515D2A8BAB05009B013F /* RMSettingsViewController.swift */; };
/* End PBXBuildFile section */

/* Begin PBXFileReference section */
		103351322A8BA6BD009B013F /* RickAndMorty.app */ = {isa = PBXFileReference; explicitFileType = wrapper.application; includeInIndex = 0; path = RickAndMorty.app; sourceTree = BUILT_PRODUCTS_DIR; };
		103351352A8BA6BD009B013F /* AppDelegate.swift */ = {isa = PBXFileReference; lastKnownFileType = sourcecode.swift; path = AppDelegate.swift; sourceTree = "<group>"; };
		103351372A8BA6BD009B013F /* SceneDelegate.swift */ = {isa = PBXFileReference; lastKnownFileType = sourcecode.swift; path = SceneDelegate.swift; sourceTree = "<group>"; };
		103351392A8BA6BD009B013F /* RMTabViewController.swift */ = {isa = PBXFileReference; lastKnownFileType = sourcecode.swift; path = RMTabViewController.swift; sourceTree = "<group>"; };
		1033513E2A8BA6BF009B013F /* Assets.xcassets */ = {isa = PBXFileReference; lastKnownFileType = folder.assetcatalog; path = Assets.xcassets; sourceTree = "<group>"; };
		103351412A8BA6BF009B013F /* Base */ = {isa = PBXFileReference; lastKnownFileType = file.storyboard; name = Base; path = Base.lproj/LaunchScreen.storyboard; sourceTree = "<group>"; };
		103351432A8BA6BF009B013F /* Info.plist */ = {isa = PBXFileReference; lastKnownFileType = text.plist.xml; path = Info.plist; sourceTree = "<group>"; };
		103351502A8BA9EA009B013F /* RMLocation.swift */ = {isa = PBXFileReference; lastKnownFileType = sourcecode.swift; path = RMLocation.swift; sourceTree = "<group>"; };
		103351522A8BAA06009B013F /* RMCharacter.swift */ = {isa = PBXFileReference; lastKnownFileType = sourcecode.swift; path = RMCharacter.swift; sourceTree = "<group>"; };
		103351542A8BAA11009B013F /* RMEpisode.swift */ = {isa = PBXFileReference; lastKnownFileType = sourcecode.swift; path = RMEpisode.swift; sourceTree = "<group>"; };
		103351572A8BAAB0009B013F /* RMCharacterViewController.swift */ = {isa = PBXFileReference; lastKnownFileType = sourcecode.swift; path = RMCharacterViewController.swift; sourceTree = "<group>"; };
		103351592A8BAACC009B013F /* RMLocationViewController.swift */ = {isa = PBXFileReference; lastKnownFileType = sourcecode.swift; path = RMLocationViewController.swift; sourceTree = "<group>"; };
		1033515B2A8BAAF2009B013F /* RMEpisodeViewController.swift */ = {isa = PBXFileReference; lastKnownFileType = sourcecode.swift; path = RMEpisodeViewController.swift; sourceTree = "<group>"; };
		1033515D2A8BAB05009B013F /* RMSettingsViewController.swift */ = {isa = PBXFileReference; lastKnownFileType = sourcecode.swift; path = RMSettingsViewController.swift; sourceTree = "<group>"; };
/* End PBXFileReference section */

/* Begin PBXFrameworksBuildPhase section */
		1033512F2A8BA6BD009B013F /* Frameworks */ = {
			isa = PBXFrameworksBuildPhase;
			buildActionMask = 2147483647;
			files = (
			);
			runOnlyForDeploymentPostprocessing = 0;
		};
/* End PBXFrameworksBuildPhase section */

/* Begin PBXGroup section */
		103351292A8BA6BD009B013F = {
			isa = PBXGroup;
			children = (
				103351342A8BA6BD009B013F /* RickAndMorty */,
				103351332A8BA6BD009B013F /* Products */,
			);
			sourceTree = "<group>";
		};
		103351332A8BA6BD009B013F /* Products */ = {
			isa = PBXGroup;
			children = (
				103351322A8BA6BD009B013F /* RickAndMorty.app */,
			);
			name = Products;
			sourceTree = "<group>";
		};
		103351342A8BA6BD009B013F /* RickAndMorty */ = {
			isa = PBXGroup;
			children = (
				1033514F2A8BA951009B013F /* Resources */,
				1033514E2A8BA94B009B013F /* Managers */,
				1033514D2A8BA927009B013F /* APIClient */,
				1033514C2A8BA91D009B013F /* ViewModels */,
				1033514B2A8BA918009B013F /* Views */,
				1033514A2A8BA911009B013F /* Models */,
				103351492A8BA908009B013F /* Controllers */,
				103351432A8BA6BF009B013F /* Info.plist */,
			);
			path = RickAndMorty;
			sourceTree = "<group>";
		};
		103351492A8BA908009B013F /* Controllers */ = {
			isa = PBXGroup;
			children = (
				103351562A8BAA7C009B013F /* Core */,
			);
			path = Controllers;
			sourceTree = "<group>";
		};
		1033514A2A8BA911009B013F /* Models */ = {
			isa = PBXGroup;
			children = (
				103351502A8BA9EA009B013F /* RMLocation.swift */,
				103351522A8BAA06009B013F /* RMCharacter.swift */,
				103351542A8BAA11009B013F /* RMEpisode.swift */,
			);
			path = Models;
			sourceTree = "<group>";
		};
		1033514B2A8BA918009B013F /* Views */ = {
			isa = PBXGroup;
			children = (
			);
			name = Views;
			sourceTree = "<group>";
		};
		1033514C2A8BA91D009B013F /* ViewModels */ = {
			isa = PBXGroup;
			children = (
			);
			path = ViewModels;
			sourceTree = "<group>";
		};
		1033514D2A8BA927009B013F /* APIClient */ = {
			isa = PBXGroup;
			children = (
			);
			path = APIClient;
			sourceTree = "<group>";
		};
		1033514E2A8BA94B009B013F /* Managers */ = {
			isa = PBXGroup;
			children = (
			);
			path = Managers;
			sourceTree = "<group>";
		};
		1033514F2A8BA951009B013F /* Resources */ = {
			isa = PBXGroup;
			children = (
				1033513E2A8BA6BF009B013F /* Assets.xcassets */,
				103351402A8BA6BF009B013F /* LaunchScreen.storyboard */,
				103351352A8BA6BD009B013F /* AppDelegate.swift */,
				103351372A8BA6BD009B013F /* SceneDelegate.swift */,
			);
			path = Resources;
			sourceTree = "<group>";
		};
		103351562A8BAA7C009B013F /* Core */ = {
			isa = PBXGroup;
			children = (
				103351392A8BA6BD009B013F /* RMTabViewController.swift */,
				103351572A8BAAB0009B013F /* RMCharacterViewController.swift */,
				103351592A8BAACC009B013F /* RMLocationViewController.swift */,
				1033515B2A8BAAF2009B013F /* RMEpisodeViewController.swift */,
				1033515D2A8BAB05009B013F /* RMSettingsViewController.swift */,
			);
			path = Core;
			sourceTree = "<group>";
		};
/* End PBXGroup section */

/* Begin PBXNativeTarget section */
		103351312A8BA6BD009B013F /* RickAndMorty */ = {
			isa = PBXNativeTarget;
			buildConfigurationList = 103351462A8BA6BF009B013F /* Build configuration list for PBXNativeTarget "RickAndMorty" */;
			buildPhases = (
				1033512E2A8BA6BD009B013F /* Sources */,
				1033512F2A8BA6BD009B013F /* Frameworks */,
				103351302A8BA6BD009B013F /* Resources */,
			);
			buildRules = (
			);
			dependencies = (
			);
			name = RickAndMorty;
			productName = RickAndMorty;
			productReference = 103351322A8BA6BD009B013F /* RickAndMorty.app */;
			productType = "com.apple.product-type.application";
		};
/* End PBXNativeTarget section */

/* Begin PBXProject section */
		1033512A2A8BA6BD009B013F /* Project object */ = {
			isa = PBXProject;
			attributes = {
				BuildIndependentTargetsInParallel = 1;
				LastSwiftUpdateCheck = 1430;
				LastUpgradeCheck = 1430;
				TargetAttributes = {
					103351312A8BA6BD009B013F = {
						CreatedOnToolsVersion = 14.3.1;
					};
				};
			};
			buildConfigurationList = 1033512D2A8BA6BD009B013F /* Build configuration list for PBXProject "RickAndMorty" */;
			compatibilityVersion = "Xcode 14.0";
			developmentRegion = en;
			hasScannedForEncodings = 0;
			knownRegions = (
				en,
				Base,
			);
			mainGroup = 103351292A8BA6BD009B013F;
			productRefGroup = 103351332A8BA6BD009B013F /* Products */;
			projectDirPath = "";
			projectRoot = "";
			targets = (
				103351312A8BA6BD009B013F /* RickAndMorty */,
			);
		};
/* End PBXProject section */

/* Begin PBXResourcesBuildPhase section */
		103351302A8BA6BD009B013F /* Resources */ = {
			isa = PBXResourcesBuildPhase;
			buildActionMask = 2147483647;
			files = (
				103351422A8BA6BF009B013F /* LaunchScreen.storyboard in Resources */,
				1033513F2A8BA6BF009B013F /* Assets.xcassets in Resources */,
			);
			runOnlyForDeploymentPostprocessing = 0;
		};
/* End PBXResourcesBuildPhase section */

/* Begin PBXSourcesBuildPhase section */
		1033512E2A8BA6BD009B013F /* Sources */ = {
			isa = PBXSourcesBuildPhase;
			buildActionMask = 2147483647;
			files = (
				1033515A2A8BAACC009B013F /* RMLocationViewController.swift in Sources */,
				103351552A8BAA11009B013F /* RMEpisode.swift in Sources */,
				1033513A2A8BA6BD009B013F /* RMTabViewController.swift in Sources */,
				1033515C2A8BAAF2009B013F /* RMEpisodeViewController.swift in Sources */,
				103351362A8BA6BD009B013F /* AppDelegate.swift in Sources */,
				103351382A8BA6BD009B013F /* SceneDelegate.swift in Sources */,
				1033515E2A8BAB05009B013F /* RMSettingsViewController.swift in Sources */,
				103351512A8BA9EA009B013F /* RMLocation.swift in Sources */,
				103351532A8BAA06009B013F /* RMCharacter.swift in Sources */,
				103351582A8BAAB0009B013F /* RMCharacterViewController.swift in Sources */,
			);
			runOnlyForDeploymentPostprocessing = 0;
		};
/* End PBXSourcesBuildPhase section */

/* Begin PBXVariantGroup section */
		103351402A8BA6BF009B013F /* LaunchScreen.storyboard */ = {
			isa = PBXVariantGroup;
			children = (
				103351412A8BA6BF009B013F /* Base */,
			);
			name = LaunchScreen.storyboard;
			sourceTree = "<group>";
		};
/* End PBXVariantGroup section */

/* Begin XCBuildConfiguration section */
		103351442A8BA6BF009B013F /* Debug */ = {
			isa = XCBuildConfiguration;
			buildSettings = {
				ALWAYS_SEARCH_USER_PATHS = NO;
				CLANG_ANALYZER_NONNULL = YES;
				CLANG_ANALYZER_NUMBER_OBJECT_CONVERSION = YES_AGGRESSIVE;
				CLANG_CXX_LANGUAGE_STANDARD = "gnu++20";
				CLANG_ENABLE_MODULES = YES;
				CLANG_ENABLE_OBJC_ARC = YES;
				CLANG_ENABLE_OBJC_WEAK = YES;
				CLANG_WARN_BLOCK_CAPTURE_AUTORELEASING = YES;
				CLANG_WARN_BOOL_CONVERSION = YES;
				CLANG_WARN_COMMA = YES;
				CLANG_WARN_CONSTANT_CONVERSION = YES;
				CLANG_WARN_DEPRECATED_OBJC_IMPLEMENTATIONS = YES;
				CLANG_WARN_DIRECT_OBJC_ISA_USAGE = YES_ERROR;
				CLANG_WARN_DOCUMENTATION_COMMENTS = YES;
				CLANG_WARN_EMPTY_BODY = YES;
				CLANG_WARN_ENUM_CONVERSION = YES;
				CLANG_WARN_INFINITE_RECURSION = YES;
				CLANG_WARN_INT_CONVERSION = YES;
				CLANG_WARN_NON_LITERAL_NULL_CONVERSION = YES;
				CLANG_WARN_OBJC_IMPLICIT_RETAIN_SELF = YES;
				CLANG_WARN_OBJC_LITERAL_CONVERSION = YES;
				CLANG_WARN_OBJC_ROOT_CLASS = YES_ERROR;
				CLANG_WARN_QUOTED_INCLUDE_IN_FRAMEWORK_HEADER = YES;
				CLANG_WARN_RANGE_LOOP_ANALYSIS = YES;
				CLANG_WARN_STRICT_PROTOTYPES = YES;
				CLANG_WARN_SUSPICIOUS_MOVE = YES;
				CLANG_WARN_UNGUARDED_AVAILABILITY = YES_AGGRESSIVE;
				CLANG_WARN_UNREACHABLE_CODE = YES;
				CLANG_WARN__DUPLICATE_METHOD_MATCH = YES;
				COPY_PHASE_STRIP = NO;
				DEBUG_INFORMATION_FORMAT = dwarf;
				ENABLE_STRICT_OBJC_MSGSEND = YES;
				ENABLE_TESTABILITY = YES;
				GCC_C_LANGUAGE_STANDARD = gnu11;
				GCC_DYNAMIC_NO_PIC = NO;
				GCC_NO_COMMON_BLOCKS = YES;
				GCC_OPTIMIZATION_LEVEL = 0;
				GCC_PREPROCESSOR_DEFINITIONS = (
					"DEBUG=1",
					"$(inherited)",
				);
				GCC_WARN_64_TO_32_BIT_CONVERSION = YES;
				GCC_WARN_ABOUT_RETURN_TYPE = YES_ERROR;
				GCC_WARN_UNDECLARED_SELECTOR = YES;
				GCC_WARN_UNINITIALIZED_AUTOS = YES_AGGRESSIVE;
				GCC_WARN_UNUSED_FUNCTION = YES;
				GCC_WARN_UNUSED_VARIABLE = YES;
				IPHONEOS_DEPLOYMENT_TARGET = 16.4;
				MTL_ENABLE_DEBUG_INFO = INCLUDE_SOURCE;
				MTL_FAST_MATH = YES;
				ONLY_ACTIVE_ARCH = YES;
				SDKROOT = iphoneos;
				SWIFT_ACTIVE_COMPILATION_CONDITIONS = DEBUG;
				SWIFT_OPTIMIZATION_LEVEL = "-Onone";
			};
			name = Debug;
		};
		103351452A8BA6BF009B013F /* Release */ = {
			isa = XCBuildConfiguration;
			buildSettings = {
				ALWAYS_SEARCH_USER_PATHS = NO;
				CLANG_ANALYZER_NONNULL = YES;
				CLANG_ANALYZER_NUMBER_OBJECT_CONVERSION = YES_AGGRESSIVE;
				CLANG_CXX_LANGUAGE_STANDARD = "gnu++20";
				CLANG_ENABLE_MODULES = YES;
				CLANG_ENABLE_OBJC_ARC = YES;
				CLANG_ENABLE_OBJC_WEAK = YES;
				CLANG_WARN_BLOCK_CAPTURE_AUTORELEASING = YES;
				CLANG_WARN_BOOL_CONVERSION = YES;
				CLANG_WARN_COMMA = YES;
				CLANG_WARN_CONSTANT_CONVERSION = YES;
				CLANG_WARN_DEPRECATED_OBJC_IMPLEMENTATIONS = YES;
				CLANG_WARN_DIRECT_OBJC_ISA_USAGE = YES_ERROR;
				CLANG_WARN_DOCUMENTATION_COMMENTS = YES;
				CLANG_WARN_EMPTY_BODY = YES;
				CLANG_WARN_ENUM_CONVERSION = YES;
				CLANG_WARN_INFINITE_RECURSION = YES;
				CLANG_WARN_INT_CONVERSION = YES;
				CLANG_WARN_NON_LITERAL_NULL_CONVERSION = YES;
				CLANG_WARN_OBJC_IMPLICIT_RETAIN_SELF = YES;
				CLANG_WARN_OBJC_LITERAL_CONVERSION = YES;
				CLANG_WARN_OBJC_ROOT_CLASS = YES_ERROR;
				CLANG_WARN_QUOTED_INCLUDE_IN_FRAMEWORK_HEADER = YES;
				CLANG_WARN_RANGE_LOOP_ANALYSIS = YES;
				CLANG_WARN_STRICT_PROTOTYPES = YES;
				CLANG_WARN_SUSPICIOUS_MOVE = YES;
				CLANG_WARN_UNGUARDED_AVAILABILITY = YES_AGGRESSIVE;
				CLANG_WARN_UNREACHABLE_CODE = YES;
				CLANG_WARN__DUPLICATE_METHOD_MATCH = YES;
				COPY_PHASE_STRIP = NO;
				DEBUG_INFORMATION_FORMAT = "dwarf-with-dsym";
				ENABLE_NS_ASSERTIONS = NO;
				ENABLE_STRICT_OBJC_MSGSEND = YES;
				GCC_C_LANGUAGE_STANDARD = gnu11;
				GCC_NO_COMMON_BLOCKS = YES;
				GCC_WARN_64_TO_32_BIT_CONVERSION = YES;
				GCC_WARN_ABOUT_RETURN_TYPE = YES_ERROR;
				GCC_WARN_UNDECLARED_SELECTOR = YES;
				GCC_WARN_UNINITIALIZED_AUTOS = YES_AGGRESSIVE;
				GCC_WARN_UNUSED_FUNCTION = YES;
				GCC_WARN_UNUSED_VARIABLE = YES;
				IPHONEOS_DEPLOYMENT_TARGET = 16.4;
				MTL_ENABLE_DEBUG_INFO = NO;
				MTL_FAST_MATH = YES;
				SDKROOT = iphoneos;
				SWIFT_COMPILATION_MODE = wholemodule;
				SWIFT_OPTIMIZATION_LEVEL = "-O";
				VALIDATE_PRODUCT = YES;
			};
			name = Release;
		};
		103351472A8BA6BF009B013F /* Debug */ = {
			isa = XCBuildConfiguration;
			buildSettings = {
				ASSETCATALOG_COMPILER_APPICON_NAME = AppIcon;
				ASSETCATALOG_COMPILER_GLOBAL_ACCENT_COLOR_NAME = AccentColor;
				CODE_SIGN_STYLE = Automatic;
				CURRENT_PROJECT_VERSION = 1;
				DEVELOPMENT_TEAM = 7A6K99KKLU;
				GENERATE_INFOPLIST_FILE = YES;
				INFOPLIST_FILE = RickAndMorty/Info.plist;
				INFOPLIST_KEY_UIApplicationSupportsIndirectInputEvents = YES;
				INFOPLIST_KEY_UILaunchStoryboardName = LaunchScreen;
				INFOPLIST_KEY_UISupportedInterfaceOrientations_iPad = "UIInterfaceOrientationPortrait UIInterfaceOrientationPortraitUpsideDown UIInterfaceOrientationLandscapeLeft UIInterfaceOrientationLandscapeRight";
				INFOPLIST_KEY_UISupportedInterfaceOrientations_iPhone = "UIInterfaceOrientationPortrait UIInterfaceOrientationLandscapeLeft UIInterfaceOrientationLandscapeRight";
				LD_RUNPATH_SEARCH_PATHS = (
					"$(inherited)",
					"@executable_path/Frameworks",
				);
				MARKETING_VERSION = 1.0;
				PRODUCT_BUNDLE_IDENTIFIER = asbjorn.RickAndMorty;
				PRODUCT_NAME = "$(TARGET_NAME)";
				SWIFT_EMIT_LOC_STRINGS = YES;
				SWIFT_VERSION = 5.0;
				TARGETED_DEVICE_FAMILY = "1,2";
			};
			name = Debug;
		};
		103351482A8BA6BF009B013F /* Release */ = {
			isa = XCBuildConfiguration;
			buildSettings = {
				ASSETCATALOG_COMPILER_APPICON_NAME = AppIcon;
				ASSETCATALOG_COMPILER_GLOBAL_ACCENT_COLOR_NAME = AccentColor;
				CODE_SIGN_STYLE = Automatic;
				CURRENT_PROJECT_VERSION = 1;
				DEVELOPMENT_TEAM = 7A6K99KKLU;
				GENERATE_INFOPLIST_FILE = YES;
				INFOPLIST_FILE = RickAndMorty/Info.plist;
				INFOPLIST_KEY_UIApplicationSupportsIndirectInputEvents = YES;
				INFOPLIST_KEY_UILaunchStoryboardName = LaunchScreen;
				INFOPLIST_KEY_UISupportedInterfaceOrientations_iPad = "UIInterfaceOrientationPortrait UIInterfaceOrientationPortraitUpsideDown UIInterfaceOrientationLandscapeLeft UIInterfaceOrientationLandscapeRight";
				INFOPLIST_KEY_UISupportedInterfaceOrientations_iPhone = "UIInterfaceOrientationPortrait UIInterfaceOrientationLandscapeLeft UIInterfaceOrientationLandscapeRight";
				LD_RUNPATH_SEARCH_PATHS = (
					"$(inherited)",
					"@executable_path/Frameworks",
				);
				MARKETING_VERSION = 1.0;
				PRODUCT_BUNDLE_IDENTIFIER = asbjorn.RickAndMorty;
				PRODUCT_NAME = "$(TARGET_NAME)";
				SWIFT_EMIT_LOC_STRINGS = YES;
				SWIFT_VERSION = 5.0;
				TARGETED_DEVICE_FAMILY = "1,2";
			};
			name = Release;
		};
/* End XCBuildConfiguration section */

/* Begin XCConfigurationList section */
		1033512D2A8BA6BD009B013F /* Build configuration list for PBXProject "RickAndMorty" */ = {
			isa = XCConfigurationList;
			buildConfigurations = (
				103351442A8BA6BF009B013F /* Debug */,
				103351452A8BA6BF009B013F /* Release */,
			);
			defaultConfigurationIsVisible = 0;
			defaultConfigurationName = Release;
		};
		103351462A8BA6BF009B013F /* Build configuration list for PBXNativeTarget "RickAndMorty" */ = {
			isa = XCConfigurationList;
			buildConfigurations = (
				103351472A8BA6BF009B013F /* Debug */,
				103351482A8BA6BF009B013F /* Release */,
			);
			defaultConfigurationIsVisible = 0;
			defaultConfigurationName = Release;
		};
/* End XCConfigurationList section */
	};
	rootObject = 1033512A2A8BA6BD009B013F /* Project object */;
}
